
Microsoft Visual Studio Solution File, Format Version 12.00
# Visual Studio Version 17
VisualStudioVersion = 17.7.34024.191
MinimumVisualStudioVersion = 10.0.40219.1
Project("{FAE04EC0-301F-11D3-BF4B-00C04F79EFBC}") = "podcluchenie", "podcluchenie\podcluchenie.csproj", "{5C87C41D-3BC3-497F-AC21-C07C3E3B8022}"
EndProject
Global
	GlobalSection(SolutionConfigurationPlatforms) = preSolution
		Debug|Any CPU = Debug|Any CPU
		Release|Any CPU = Release|Any CPU
	EndGlobalSection
	GlobalSection(ProjectConfigurationPlatforms) = postSolution
		{5C87C41D-3BC3-497F-AC21-C07C3E3B8022}.Debug|Any CPU.ActiveCfg = Debug|Any CPU
		{5C87C41D-3BC3-497F-AC21-C07C3E3B8022}.Debug|Any CPU.Build.0 = Debug|Any CPU
		{5C87C41D-3BC3-497F-AC21-C07C3E3B8022}.Release|Any CPU.ActiveCfg = Release|Any CPU
		{5C87C41D-3BC3-497F-AC21-C07C3E3B8022}.Release|Any CPU.Build.0 = Release|Any CPU
	EndGlobalSection
	GlobalSection(SolutionProperties) = preSolution
		HideSolutionNode = FALSE
	EndGlobalSection
	GlobalSection(ExtensibilityGlobals) = postSolution
		SolutionGuid = {FDEDC91E-A0AC-43E9-967A-41CBFD0FB46D}
	EndGlobalSection
EndGlobal
